
Microsoft Visual Studio Solution File, Format Version 12.00
# Visual Studio Version 16
VisualStudioVersion = 16.0.29519.87
MinimumVisualStudioVersion = 10.0.40219.1
Project("{6EC3EE1D-3C4E-46DD-8F32-0CC8E7565705}") = "Day1", "Day1\Day1.fsproj", "{30582D1D-C063-4FBD-9377-1A98137C68CF}"
EndProject
Project("{F2A71F9B-5D33-465A-A702-920D77279786}") = "Day2", "Day2\Day2.fsproj", "{6C698D5F-7DFC-4854-9623-7F8CE6EE7CD5}"
EndProject
Global
	GlobalSection(SolutionConfigurationPlatforms) = preSolution
		Debug|Any CPU = Debug|Any CPU
		Release|Any CPU = Release|Any CPU
	EndGlobalSection
	GlobalSection(ProjectConfigurationPlatforms) = postSolution
		{30582D1D-C063-4FBD-9377-1A98137C68CF}.Debug|Any CPU.ActiveCfg = Debug|Any CPU
		{30582D1D-C063-4FBD-9377-1A98137C68CF}.Debug|Any CPU.Build.0 = Debug|Any CPU
		{30582D1D-C063-4FBD-9377-1A98137C68CF}.Release|Any CPU.ActiveCfg = Release|Any CPU
		{30582D1D-C063-4FBD-9377-1A98137C68CF}.Release|Any CPU.Build.0 = Release|Any CPU
		{6C698D5F-7DFC-4854-9623-7F8CE6EE7CD5}.Debug|Any CPU.ActiveCfg = Debug|Any CPU
		{6C698D5F-7DFC-4854-9623-7F8CE6EE7CD5}.Debug|Any CPU.Build.0 = Debug|Any CPU
		{6C698D5F-7DFC-4854-9623-7F8CE6EE7CD5}.Release|Any CPU.ActiveCfg = Release|Any CPU
		{6C698D5F-7DFC-4854-9623-7F8CE6EE7CD5}.Release|Any CPU.Build.0 = Release|Any CPU
	EndGlobalSection
	GlobalSection(SolutionProperties) = preSolution
		HideSolutionNode = FALSE
	EndGlobalSection
	GlobalSection(ExtensibilityGlobals) = postSolution
		SolutionGuid = {27A3C6D7-AAEC-447E-ACBA-EFC47D5AC705}
	EndGlobalSection
EndGlobal
